
Microsoft Visual Studio Solution File, Format Version 12.00
# Visual Studio Version 17
VisualStudioVersion = 17.14.36705.20 d17.14
MinimumVisualStudioVersion = 10.0.40219.1
Project("{FAE04EC0-301F-11D3-BF4B-00C04F79EFBC}") = "09_estructura_if", "09_estructura_if\09_estructura_if.csproj", "{1A3280B1-776F-487D-B928-00E24187ED36}"
EndProject
Global
	GlobalSection(SolutionConfigurationPlatforms) = preSolution
		Debug|Any CPU = Debug|Any CPU
		Release|Any CPU = Release|Any CPU
	EndGlobalSection
	GlobalSection(ProjectConfigurationPlatforms) = postSolution
		{1A3280B1-776F-487D-B928-00E24187ED36}.Debug|Any CPU.ActiveCfg = Debug|Any CPU
		{1A3280B1-776F-487D-B928-00E24187ED36}.Debug|Any CPU.Build.0 = Debug|Any CPU
		{1A3280B1-776F-487D-B928-00E24187ED36}.Release|Any CPU.ActiveCfg = Release|Any CPU
		{1A3280B1-776F-487D-B928-00E24187ED36}.Release|Any CPU.Build.0 = Release|Any CPU
	EndGlobalSection
	GlobalSection(SolutionProperties) = preSolution
		HideSolutionNode = FALSE
	EndGlobalSection
	GlobalSection(ExtensibilityGlobals) = postSolution
		SolutionGuid = {646430E2-869B-4C26-BC25-5B68DC40750C}
	EndGlobalSection
EndGlobal
