
Microsoft Visual Studio Solution File, Format Version 12.00
# Visual Studio Version 17
VisualStudioVersion = 17.14.36705.20 d17.14
MinimumVisualStudioVersion = 10.0.40219.1
Project("{FAE04EC0-301F-11D3-BF4B-00C04F79EFBC}") = "04_Captura2", "04_Captura2\04_Captura2.csproj", "{18E308A0-2467-4E2A-9369-8F21262D782D}"
EndProject
Global
	GlobalSection(SolutionConfigurationPlatforms) = preSolution
		Debug|Any CPU = Debug|Any CPU
		Release|Any CPU = Release|Any CPU
	EndGlobalSection
	GlobalSection(ProjectConfigurationPlatforms) = postSolution
		{18E308A0-2467-4E2A-9369-8F21262D782D}.Debug|Any CPU.ActiveCfg = Debug|Any CPU
		{18E308A0-2467-4E2A-9369-8F21262D782D}.Debug|Any CPU.Build.0 = Debug|Any CPU
		{18E308A0-2467-4E2A-9369-8F21262D782D}.Release|Any CPU.ActiveCfg = Release|Any CPU
		{18E308A0-2467-4E2A-9369-8F21262D782D}.Release|Any CPU.Build.0 = Release|Any CPU
	EndGlobalSection
	GlobalSection(SolutionProperties) = preSolution
		HideSolutionNode = FALSE
	EndGlobalSection
	GlobalSection(ExtensibilityGlobals) = postSolution
		SolutionGuid = {CD8E7E69-76E7-4090-836B-44A2CAB9C9C8}
	EndGlobalSection
EndGlobal
