
Microsoft Visual Studio Solution File, Format Version 12.00
# Visual Studio Version 17
VisualStudioVersion = 17.14.36930.0 d17.14
MinimumVisualStudioVersion = 10.0.40219.1
Project("{FAE04EC0-301F-11D3-BF4B-00C04F79EFBC}") = "23_while_do_while", "23_while_do_while\23_while_do_while.csproj", "{5829BCC7-A5B8-4D6A-AC15-48D1036EBE5E}"
EndProject
Global
	GlobalSection(SolutionConfigurationPlatforms) = preSolution
		Debug|Any CPU = Debug|Any CPU
		Release|Any CPU = Release|Any CPU
	EndGlobalSection
	GlobalSection(ProjectConfigurationPlatforms) = postSolution
		{5829BCC7-A5B8-4D6A-AC15-48D1036EBE5E}.Debug|Any CPU.ActiveCfg = Debug|Any CPU
		{5829BCC7-A5B8-4D6A-AC15-48D1036EBE5E}.Debug|Any CPU.Build.0 = Debug|Any CPU
		{5829BCC7-A5B8-4D6A-AC15-48D1036EBE5E}.Release|Any CPU.ActiveCfg = Release|Any CPU
		{5829BCC7-A5B8-4D6A-AC15-48D1036EBE5E}.Release|Any CPU.Build.0 = Release|Any CPU
	EndGlobalSection
	GlobalSection(SolutionProperties) = preSolution
		HideSolutionNode = FALSE
	EndGlobalSection
	GlobalSection(ExtensibilityGlobals) = postSolution
		SolutionGuid = {3E9444A1-BD1A-490B-9E86-4A116BBFFED9}
	EndGlobalSection
EndGlobal
