
Microsoft Visual Studio Solution File, Format Version 12.00
# Visual Studio Version 17
VisualStudioVersion = 17.14.36930.0 d17.14
MinimumVisualStudioVersion = 10.0.40219.1
Project("{FAE04EC0-301F-11D3-BF4B-00C04F79EFBC}") = "30_arreglos", "30_arreglos\30_arreglos.csproj", "{62EED11D-EDE6-42E3-95FB-96108BF29280}"
EndProject
Global
	GlobalSection(SolutionConfigurationPlatforms) = preSolution
		Debug|Any CPU = Debug|Any CPU
		Release|Any CPU = Release|Any CPU
	EndGlobalSection
	GlobalSection(ProjectConfigurationPlatforms) = postSolution
		{62EED11D-EDE6-42E3-95FB-96108BF29280}.Debug|Any CPU.ActiveCfg = Debug|Any CPU
		{62EED11D-EDE6-42E3-95FB-96108BF29280}.Debug|Any CPU.Build.0 = Debug|Any CPU
		{62EED11D-EDE6-42E3-95FB-96108BF29280}.Release|Any CPU.ActiveCfg = Release|Any CPU
		{62EED11D-EDE6-42E3-95FB-96108BF29280}.Release|Any CPU.Build.0 = Release|Any CPU
	EndGlobalSection
	GlobalSection(SolutionProperties) = preSolution
		HideSolutionNode = FALSE
	EndGlobalSection
	GlobalSection(ExtensibilityGlobals) = postSolution
		SolutionGuid = {594B4143-17B2-4F4C-8A9A-B7FE7A170B10}
	EndGlobalSection
EndGlobal
