
Microsoft Visual Studio Solution File, Format Version 12.00
# Visual Studio Version 17
VisualStudioVersion = 17.14.36930.0 d17.14
MinimumVisualStudioVersion = 10.0.40219.1
Project("{FAE04EC0-301F-11D3-BF4B-00C04F79EFBC}") = "20_for", "20_for\20_for.csproj", "{21A40CBF-EAD6-4A61-AB29-24C89D0C98CF}"
EndProject
Global
	GlobalSection(SolutionConfigurationPlatforms) = preSolution
		Debug|Any CPU = Debug|Any CPU
		Release|Any CPU = Release|Any CPU
	EndGlobalSection
	GlobalSection(ProjectConfigurationPlatforms) = postSolution
		{21A40CBF-EAD6-4A61-AB29-24C89D0C98CF}.Debug|Any CPU.ActiveCfg = Debug|Any CPU
		{21A40CBF-EAD6-4A61-AB29-24C89D0C98CF}.Debug|Any CPU.Build.0 = Debug|Any CPU
		{21A40CBF-EAD6-4A61-AB29-24C89D0C98CF}.Release|Any CPU.ActiveCfg = Release|Any CPU
		{21A40CBF-EAD6-4A61-AB29-24C89D0C98CF}.Release|Any CPU.Build.0 = Release|Any CPU
	EndGlobalSection
	GlobalSection(SolutionProperties) = preSolution
		HideSolutionNode = FALSE
	EndGlobalSection
	GlobalSection(ExtensibilityGlobals) = postSolution
		SolutionGuid = {DD8BCE53-8D46-4F18-94D3-4D69DD656CFE}
	EndGlobalSection
EndGlobal
