
Microsoft Visual Studio Solution File, Format Version 12.00
# Visual Studio Version 17
VisualStudioVersion = 17.14.36930.0 d17.14
MinimumVisualStudioVersion = 10.0.40219.1
Project("{FAE04EC0-301F-11D3-BF4B-00C04F79EFBC}") = "34_String02", "34_String02\34_String02.csproj", "{D489F37D-F11F-4F57-9F8C-9AD7037174CA}"
EndProject
Global
	GlobalSection(SolutionConfigurationPlatforms) = preSolution
		Debug|Any CPU = Debug|Any CPU
		Release|Any CPU = Release|Any CPU
	EndGlobalSection
	GlobalSection(ProjectConfigurationPlatforms) = postSolution
		{D489F37D-F11F-4F57-9F8C-9AD7037174CA}.Debug|Any CPU.ActiveCfg = Debug|Any CPU
		{D489F37D-F11F-4F57-9F8C-9AD7037174CA}.Debug|Any CPU.Build.0 = Debug|Any CPU
		{D489F37D-F11F-4F57-9F8C-9AD7037174CA}.Release|Any CPU.ActiveCfg = Release|Any CPU
		{D489F37D-F11F-4F57-9F8C-9AD7037174CA}.Release|Any CPU.Build.0 = Release|Any CPU
	EndGlobalSection
	GlobalSection(SolutionProperties) = preSolution
		HideSolutionNode = FALSE
	EndGlobalSection
	GlobalSection(ExtensibilityGlobals) = postSolution
		SolutionGuid = {388EE1F2-0337-4139-93DE-4743C9377732}
	EndGlobalSection
EndGlobal
